# This file is automatically @generated by Cargo.
# It is not intended for manual editing.
[[package]]
name = "compiler_builtins"
version = "0.1.20"
source = "git+https://github.com/rust-lang/compiler-builtins#a533ae9c5aa325db209659679535fe1f186eae81"

[[package]]
name = "librust"
version = "0.0.4"
dependencies = [
 "compiler_builtins 0.1.20 (git+https://github.com/rust-lang/compiler-builtins)",
]

[metadata]
"checksum compiler_builtins 0.1.20 (git+https://github.com/rust-lang/compiler-builtins)" = "<none>"
