# This file is automatically @generated by Cargo.
# It is not intended for manual editing.
[[package]]
name = "alloc_dummy"
version = "0.2.0"
dependencies = [
 "lazy_static 1.2.0 (registry+https://github.com/rust-lang/crates.io-index)",
 "librust 0.0.4",
]

[[package]]
name = "hello_world"
version = "0.0.1"
dependencies = [
 "alloc_dummy 0.2.0",
 "librust 0.0.4",
]

[[package]]
name = "lazy_static"
version = "1.2.0"
source = "registry+https://github.com/rust-lang/crates.io-index"
dependencies = [
 "spin 0.4.10 (registry+https://github.com/rust-lang/crates.io-index)",
]

[[package]]
name = "librust"
version = "0.0.4"

[[package]]
name = "spin"
version = "0.4.10"
source = "registry+https://github.com/rust-lang/crates.io-index"

[metadata]
"checksum lazy_static 1.2.0 (registry+https://github.com/rust-lang/crates.io-index)" = "a374c89b9db55895453a74c1e38861d9deec0b01b405a82516e9d5de4820dea1"
"checksum spin 0.4.10 (registry+https://github.com/rust-lang/crates.io-index)" = "ceac490aa12c567115b40b7b7fceca03a6c9d53d5defea066123debc83c5dc1f"
